{
  "name": "e3-demo",
  "version": "1.0.0",
  "lockfileVersion": 3,
  "requires": true,
  "packages": {
    "": {
      "name": "e3-demo",
      "version": "1.0.0",
      "dependencies": {
        "@elaraai/e3": "^0.0.2-beta.16",
        "@elaraai/east": "^0.0.1-beta.30"
      },
      "devDependencies": {
        "typescript": "^5.5.0"
      }
    },
    "node_modules/@elaraai/e3": {
      "version": "0.0.2-beta.16",
      "resolved": "https://registry.npmjs.org/@elaraai/e3/-/e3-0.0.2-beta.16.tgz",
      "integrity": "sha512-mp8qNkzykEOmWEuP/s7cVc1Ih89/+yob5vYoG5gQN3tI9zAymKWxryQHtsH8pkmQO3O7klEQUbkac+Hs8DeTOw==",
      "license": "SEE LICENSE IN LICENSE",
      "dependencies": {
        "@elaraai/e3-types": "^0.0.2-beta.16",
        "yazl": "^2.5.1"
      },
      "peerDependencies": {
        "@elaraai/east": "^0.0.1-beta.30"
      }
    },
    "node_modules/@elaraai/e3-types": {
      "version": "0.0.2-beta.16",
      "resolved": "https://registry.npmjs.org/@elaraai/e3-types/-/e3-types-0.0.2-beta.16.tgz",
      "integrity": "sha512-yjSK39ejFzzgXrI2NLLdeJ9/I9M0JUS+PzNZPwQexfnChUwdpWRnXqrQr63Xqk8oCEvkrpZV5zn4eOvVE2Uj1A==",
      "license": "SEE LICENSE IN LICENSE",
      "peerDependencies": {
        "@elaraai/east": "^0.0.1-beta.30"
      }
    },
    "node_modules/@elaraai/east": {
      "version": "0.0.1-beta.30",
      "resolved": "https://registry.npmjs.org/@elaraai/east/-/east-0.0.1-beta.30.tgz",
      "integrity": "sha512-V7dphMTfQ2yd7mWHOxs72lS5hwI+ZKe6heiDCA7NVCSiA/T71gYi3KdiAP4OfNbFB8CDgEsPs6Ccwp7RPSrhug==",
      "license": "SEE LICENSE IN LICENSE",
      "dependencies": {
        "sorted-btree": "^1.8.1"
      },
      "engines": {
        "node": ">=22.0.0"
      }
    },
    "node_modules/buffer-crc32": {
      "version": "0.2.13",
      "resolved": "https://registry.npmjs.org/buffer-crc32/-/buffer-crc32-0.2.13.tgz",
      "integrity": "sha512-VO9Ht/+p3SN7SKWqcrgEzjGbRSJYTx+Q1pTQC0wrWqHx0vpJraQ6GtHx8tvcg1rlK1byhU5gccxgOgj7B0TDkQ==",
      "license": "MIT",
      "engines": {
        "node": "*"
      }
    },
    "node_modules/sorted-btree": {
      "version": "1.8.1",
      "resolved": "https://registry.npmjs.org/sorted-btree/-/sorted-btree-1.8.1.tgz",
      "integrity": "sha512-395+XIP+wqNn3USkFSrNz7G3Ss/MXlZEqesxvzCRFwL14h6e8LukDHdLBePn5pwbm5OQ9vGu8mDyz2lLDIqamQ==",
      "license": "MIT"
    },
    "node_modules/typescript": {
      "version": "5.9.3",
      "resolved": "https://registry.npmjs.org/typescript/-/typescript-5.9.3.tgz",
      "integrity": "sha512-jl1vZzPDinLr9eUt3J/t7V6FgNEw9QjvBPdysz9KfQDD41fQrC2Y4vKQdiaUpFT4bXlb1RHhLpp8wtm6M5TgSw==",
      "dev": true,
      "license": "Apache-2.0",
      "bin": {
        "tsc": "bin/tsc",
        "tsserver": "bin/tsserver"
      },
      "engines": {
        "node": ">=14.17"
      }
    },
    "node_modules/yazl": {
      "version": "2.5.1",
      "resolved": "https://registry.npmjs.org/yazl/-/yazl-2.5.1.tgz",
      "integrity": "sha512-phENi2PLiHnHb6QBVot+dJnaAZ0xosj7p3fWl+znIjBDlnMI2PsZCJZ306BPTFOaHf5qdDEI8x5qFrSOBN5vrw==",
      "license": "MIT",
      "dependencies": {
        "buffer-crc32": "~0.2.3"
      }
    }
  }
}
