{
    "name": "@elaraai/east-c-wasm",
    "version": "0.1.1-beta.10",
    "lockfileVersion": 3,
    "requires": true,
    "packages": {
        "": {
            "name": "@elaraai/east-c-wasm",
            "version": "0.1.1-beta.10",
            "license": "SEE LICENSE IN LICENSE",
            "devDependencies": {
                "@elaraai/east": "beta",
                "@elaraai/east-node-std": "^0.0.1-beta.38",
                "@types/emscripten": "^1.41.5",
                "@types/node": "^22.18.1",
                "typescript": "^5.8.3"
            },
            "engines": {
                "node": ">=22.0.0"
            },
            "peerDependencies": {
                "@elaraai/east": "beta"
            }
        },
        "node_modules/@elaraai/east": {
            "version": "0.0.1-beta.43",
            "resolved": "https://registry.npmjs.org/@elaraai/east/-/east-0.0.1-beta.43.tgz",
            "integrity": "sha512-8BjddwqcnKtj6YbUt6TOOiUqHX38NI6ZFpsmY1xjcAn7E2IU6Z0HpVSy+5KOsvMdxoihNjek9CNxs0kpitGgaQ==",
            "dev": true,
            "license": "SEE LICENSE IN LICENSE",
            "dependencies": {
                "sorted-btree": "^1.8.1"
            },
            "engines": {
                "node": ">=22.0.0"
            }
        },
        "node_modules/@elaraai/east-node-std": {
            "version": "0.0.1-beta.40",
            "resolved": "https://registry.npmjs.org/@elaraai/east-node-std/-/east-node-std-0.0.1-beta.40.tgz",
            "integrity": "sha512-XTRtapCHTIz+Rjg+7aGVaDrrwCVwF3TFERb/08tkMZVP2yYC8Q3lah1bjdQ9COFeCxGDl99ZeIUUUzLMK/+lAA==",
            "dev": true,
            "license": "SEE LICENSE IN LICENSE",
            "engines": {
                "node": ">=22.0.0"
            },
            "peerDependencies": {
                "@elaraai/east": "beta"
            }
        },
        "node_modules/@types/emscripten": {
            "version": "1.41.5",
            "resolved": "https://registry.npmjs.org/@types/emscripten/-/emscripten-1.41.5.tgz",
            "integrity": "sha512-cMQm7pxu6BxtHyqJ7mQZ2kXWV5SLmugybFdHCBbJ5eHzOo6VhBckEgAT3//rP5FwPHNPeEiq4SmQ5ucBwsOo4Q==",
            "dev": true,
            "license": "MIT"
        },
        "node_modules/@types/node": {
            "version": "22.19.15",
            "resolved": "https://registry.npmjs.org/@types/node/-/node-22.19.15.tgz",
            "integrity": "sha512-F0R/h2+dsy5wJAUe3tAU6oqa2qbWY5TpNfL/RGmo1y38hiyO1w3x2jPtt76wmuaJI4DQnOBu21cNXQ2STIUUWg==",
            "dev": true,
            "license": "MIT",
            "dependencies": {
                "undici-types": "~6.21.0"
            }
        },
        "node_modules/sorted-btree": {
            "version": "1.8.1",
            "resolved": "https://registry.npmjs.org/sorted-btree/-/sorted-btree-1.8.1.tgz",
            "integrity": "sha512-395+XIP+wqNn3USkFSrNz7G3Ss/MXlZEqesxvzCRFwL14h6e8LukDHdLBePn5pwbm5OQ9vGu8mDyz2lLDIqamQ==",
            "dev": true,
            "license": "MIT"
        },
        "node_modules/typescript": {
            "version": "5.9.3",
            "resolved": "https://registry.npmjs.org/typescript/-/typescript-5.9.3.tgz",
            "integrity": "sha512-jl1vZzPDinLr9eUt3J/t7V6FgNEw9QjvBPdysz9KfQDD41fQrC2Y4vKQdiaUpFT4bXlb1RHhLpp8wtm6M5TgSw==",
            "dev": true,
            "license": "Apache-2.0",
            "bin": {
                "tsc": "bin/tsc",
                "tsserver": "bin/tsserver"
            },
            "engines": {
                "node": ">=14.17"
            }
        },
        "node_modules/undici-types": {
            "version": "6.21.0",
            "resolved": "https://registry.npmjs.org/undici-types/-/undici-types-6.21.0.tgz",
            "integrity": "sha512-iwDZqg0QAGrg9Rav5H4n0M64c3mkR59cJ6wQp+7C4nI0gsmExaedaYLNO44eT4AtBBwjbTiGPMlt2Md0T9H9JQ==",
            "dev": true,
            "license": "MIT"
        }
    }
}
